// !$*UTF8*$!
{
	archiveVersion = 1;
	classes = {
	};
	objectVersion = 46;
	objects = {

/* Begin PBXBuildFile section */
		E296ACA814D526C1006F96D2 /* BlackCardsViewController.m in Sources */ = {isa = PBXBuildFile; fileRef = E296ACA614D526C1006F96D2 /* BlackCardsViewController.m */; };
		E296ACA914D526C1006F96D2 /* BlackCardsViewController.xib in Resources */ = {isa = PBXBuildFile; fileRef = E296ACA714D526C1006F96D2 /* BlackCardsViewController.xib */; };
		E296ACB214D5B750006F96D2 /* CardsViewController.m in Sources */ = {isa = PBXBuildFile; fileRef = E296ACB014D5B750006F96D2 /* CardsViewController.m */; };
		E296ACB314D5B750006F96D2 /* CardsViewController.xib in Resources */ = {isa = PBXBuildFile; fileRef = E296ACB114D5B750006F96D2 /* CardsViewController.xib */; };
		E296AD1414D5D042006F96D2 /* LoginViewController.m in Sources */ = {isa = PBXBuildFile; fileRef = E296AD1214D5D041006F96D2 /* LoginViewController.m */; };
		E296AD1514D5D042006F96D2 /* LoginViewController.xib in Resources */ = {isa = PBXBuildFile; fileRef = E296AD1314D5D042006F96D2 /* LoginViewController.xib */; };
		E296AD3314D5DDBA006F96D2 /* NSObject+SBJson.m in Sources */ = {isa = PBXBuildFile; fileRef = E296AD1B14D5DDBA006F96D2 /* NSObject+SBJson.m */; };
		E296AD3414D5DDBA006F96D2 /* SBJsonParser.m in Sources */ = {isa = PBXBuildFile; fileRef = E296AD1E14D5DDBA006F96D2 /* SBJsonParser.m */; };
		E296AD3514D5DDBA006F96D2 /* SBJsonStreamParser.m in Sources */ = {isa = PBXBuildFile; fileRef = E296AD2014D5DDBA006F96D2 /* SBJsonStreamParser.m */; };
		E296AD3614D5DDBA006F96D2 /* SBJsonStreamParserAccumulator.m in Sources */ = {isa = PBXBuildFile; fileRef = E296AD2214D5DDBA006F96D2 /* SBJsonStreamParserAccumulator.m */; };
		E296AD3714D5DDBA006F96D2 /* SBJsonStreamParserAdapter.m in Sources */ = {isa = PBXBuildFile; fileRef = E296AD2414D5DDBA006F96D2 /* SBJsonStreamParserAdapter.m */; };
		E296AD3814D5DDBA006F96D2 /* SBJsonStreamParserState.m in Sources */ = {isa = PBXBuildFile; fileRef = E296AD2614D5DDBA006F96D2 /* SBJsonStreamParserState.m */; };
		E296AD3914D5DDBA006F96D2 /* SBJsonStreamWriter.m in Sources */ = {isa = PBXBuildFile; fileRef = E296AD2814D5DDBA006F96D2 /* SBJsonStreamWriter.m */; };
		E296AD3A14D5DDBA006F96D2 /* SBJsonStreamWriterAccumulator.m in Sources */ = {isa = PBXBuildFile; fileRef = E296AD2A14D5DDBA006F96D2 /* SBJsonStreamWriterAccumulator.m */; };
		E296AD3B14D5DDBA006F96D2 /* SBJsonStreamWriterState.m in Sources */ = {isa = PBXBuildFile; fileRef = E296AD2C14D5DDBA006F96D2 /* SBJsonStreamWriterState.m */; };
		E296AD3C14D5DDBA006F96D2 /* SBJsonTokeniser.m in Sources */ = {isa = PBXBuildFile; fileRef = E296AD2E14D5DDBA006F96D2 /* SBJsonTokeniser.m */; };
		E296AD3D14D5DDBA006F96D2 /* SBJsonUTF8Stream.m in Sources */ = {isa = PBXBuildFile; fileRef = E296AD3014D5DDBA006F96D2 /* SBJsonUTF8Stream.m */; };
		E296AD3E14D5DDBA006F96D2 /* SBJsonWriter.m in Sources */ = {isa = PBXBuildFile; fileRef = E296AD3214D5DDBA006F96D2 /* SBJsonWriter.m */; };
		E299158F14D4E63100C5B7F3 /* UIKit.framework in Frameworks */ = {isa = PBXBuildFile; fileRef = E299158E14D4E63100C5B7F3 /* UIKit.framework */; };
		E299159114D4E63100C5B7F3 /* Foundation.framework in Frameworks */ = {isa = PBXBuildFile; fileRef = E299159014D4E63100C5B7F3 /* Foundation.framework */; };
		E299159314D4E63100C5B7F3 /* CoreGraphics.framework in Frameworks */ = {isa = PBXBuildFile; fileRef = E299159214D4E63100C5B7F3 /* CoreGraphics.framework */; };
		E299159914D4E63100C5B7F3 /* InfoPlist.strings in Resources */ = {isa = PBXBuildFile; fileRef = E299159714D4E63100C5B7F3 /* InfoPlist.strings */; };
		E299159B14D4E63100C5B7F3 /* main.m in Sources */ = {isa = PBXBuildFile; fileRef = E299159A14D4E63100C5B7F3 /* main.m */; };
		E299159F14D4E63100C5B7F3 /* AppDelegate.m in Sources */ = {isa = PBXBuildFile; fileRef = E299159E14D4E63100C5B7F3 /* AppDelegate.m */; };
		E29915A814D4E66D00C5B7F3 /* RoomViewController.m in Sources */ = {isa = PBXBuildFile; fileRef = E29915A614D4E66D00C5B7F3 /* RoomViewController.m */; };
		E29915A914D4E66D00C5B7F3 /* RoomViewController.xib in Resources */ = {isa = PBXBuildFile; fileRef = E29915A714D4E66D00C5B7F3 /* RoomViewController.xib */; };
		E29915AF14D4E69000C5B7F3 /* Room.m in Sources */ = {isa = PBXBuildFile; fileRef = E29915AE14D4E69000C5B7F3 /* Room.m */; };
		E29915B314D4EA1800C5B7F3 /* WhiteCardsViewController.m in Sources */ = {isa = PBXBuildFile; fileRef = E29915B114D4EA1800C5B7F3 /* WhiteCardsViewController.m */; };
		E29915B414D4EA1800C5B7F3 /* WhiteCardsViewController.xib in Resources */ = {isa = PBXBuildFile; fileRef = E29915B214D4EA1800C5B7F3 /* WhiteCardsViewController.xib */; };
/* End PBXBuildFile section */

/* Begin PBXFileReference section */
		E296ACA514D526C1006F96D2 /* BlackCardsViewController.h */ = {isa = PBXFileReference; fileEncoding = 4; lastKnownFileType = sourcecode.c.h; path = BlackCardsViewController.h; sourceTree = "<group>"; };
		E296ACA614D526C1006F96D2 /* BlackCardsViewController.m */ = {isa = PBXFileReference; fileEncoding = 4; lastKnownFileType = sourcecode.c.objc; path = BlackCardsViewController.m; sourceTree = "<group>"; };
		E296ACA714D526C1006F96D2 /* BlackCardsViewController.xib */ = {isa = PBXFileReference; fileEncoding = 4; lastKnownFileType = file.xib; path = BlackCardsViewController.xib; sourceTree = "<group>"; };
		E296ACAF14D5B750006F96D2 /* CardsViewController.h */ = {isa = PBXFileReference; fileEncoding = 4; lastKnownFileType = sourcecode.c.h; path = CardsViewController.h; sourceTree = "<group>"; };
		E296ACB014D5B750006F96D2 /* CardsViewController.m */ = {isa = PBXFileReference; fileEncoding = 4; lastKnownFileType = sourcecode.c.objc; path = CardsViewController.m; sourceTree = "<group>"; };
		E296ACB114D5B750006F96D2 /* CardsViewController.xib */ = {isa = PBXFileReference; fileEncoding = 4; lastKnownFileType = file.xib; path = CardsViewController.xib; sourceTree = "<group>"; };
		E296AD1114D5D040006F96D2 /* LoginViewController.h */ = {isa = PBXFileReference; fileEncoding = 4; lastKnownFileType = sourcecode.c.h; path = LoginViewController.h; sourceTree = "<group>"; };
		E296AD1214D5D041006F96D2 /* LoginViewController.m */ = {isa = PBXFileReference; fileEncoding = 4; lastKnownFileType = sourcecode.c.objc; path = LoginViewController.m; sourceTree = "<group>"; };
		E296AD1314D5D042006F96D2 /* LoginViewController.xib */ = {isa = PBXFileReference; fileEncoding = 4; lastKnownFileType = file.xib; path = LoginViewController.xib; sourceTree = "<group>"; };
		E296AD1A14D5DDBA006F96D2 /* NSObject+SBJson.h */ = {isa = PBXFileReference; fileEncoding = 4; lastKnownFileType = sourcecode.c.h; path = "NSObject+SBJson.h"; sourceTree = "<group>"; };
		E296AD1B14D5DDBA006F96D2 /* NSObject+SBJson.m */ = {isa = PBXFileReference; fileEncoding = 4; lastKnownFileType = sourcecode.c.objc; path = "NSObject+SBJson.m"; sourceTree = "<group>"; };
		E296AD1C14D5DDBA006F96D2 /* SBJson.h */ = {isa = PBXFileReference; fileEncoding = 4; lastKnownFileType = sourcecode.c.h; path = SBJson.h; sourceTree = "<group>"; };
		E296AD1D14D5DDBA006F96D2 /* SBJsonParser.h */ = {isa = PBXFileReference; fileEncoding = 4; lastKnownFileType = sourcecode.c.h; path = SBJsonParser.h; sourceTree = "<group>"; };
		E296AD1E14D5DDBA006F96D2 /* SBJsonParser.m */ = {isa = PBXFileReference; fileEncoding = 4; lastKnownFileType = sourcecode.c.objc; path = SBJsonParser.m; sourceTree = "<group>"; };
		E296AD1F14D5DDBA006F96D2 /* SBJsonStreamParser.h */ = {isa = PBXFileReference; fileEncoding = 4; lastKnownFileType = sourcecode.c.h; path = SBJsonStreamParser.h; sourceTree = "<group>"; };
		E296AD2014D5DDBA006F96D2 /* SBJsonStreamParser.m */ = {isa = PBXFileReference; fileEncoding = 4; lastKnownFileType = sourcecode.c.objc; path = SBJsonStreamParser.m; sourceTree = "<group>"; };
		E296AD2114D5DDBA006F96D2 /* SBJsonStreamParserAccumulator.h */ = {isa = PBXFileReference; fileEncoding = 4; lastKnownFileType = sourcecode.c.h; path = SBJsonStreamParserAccumulator.h; sourceTree = "<group>"; };
		E296AD2214D5DDBA006F96D2 /* SBJsonStreamParserAccumulator.m */ = {isa = PBXFileReference; fileEncoding = 4; lastKnownFileType = sourcecode.c.objc; path = SBJsonStreamParserAccumulator.m; sourceTree = "<group>"; };
		E296AD2314D5DDBA006F96D2 /* SBJsonStreamParserAdapter.h */ = {isa = PBXFileReference; fileEncoding = 4; lastKnownFileType = sourcecode.c.h; path = SBJsonStreamParserAdapter.h; sourceTree = "<group>"; };
		E296AD2414D5DDBA006F96D2 /* SBJsonStreamParserAdapter.m */ = {isa = PBXFileReference; fileEncoding = 4; lastKnownFileType = sourcecode.c.objc; path = SBJsonStreamParserAdapter.m; sourceTree = "<group>"; };
		E296AD2514D5DDBA006F96D2 /* SBJsonStreamParserState.h */ = {isa = PBXFileReference; fileEncoding = 4; lastKnownFileType = sourcecode.c.h; path = SBJsonStreamParserState.h; sourceTree = "<group>"; };
		E296AD2614D5DDBA006F96D2 /* SBJsonStreamParserState.m */ = {isa = PBXFileReference; fileEncoding = 4; lastKnownFileType = sourcecode.c.objc; path = SBJsonStreamParserState.m; sourceTree = "<group>"; };
		E296AD2714D5DDBA006F96D2 /* SBJsonStreamWriter.h */ = {isa = PBXFileReference; fileEncoding = 4; lastKnownFileType = sourcecode.c.h; path = SBJsonStreamWriter.h; sourceTree = "<group>"; };
		E296AD2814D5DDBA006F96D2 /* SBJsonStreamWriter.m */ = {isa = PBXFileReference; fileEncoding = 4; lastKnownFileType = sourcecode.c.objc; path = SBJsonStreamWriter.m; sourceTree = "<group>"; };
		E296AD2914D5DDBA006F96D2 /* SBJsonStreamWriterAccumulator.h */ = {isa = PBXFileReference; fileEncoding = 4; lastKnownFileType = sourcecode.c.h; path = SBJsonStreamWriterAccumulator.h; sourceTree = "<group>"; };
		E296AD2A14D5DDBA006F96D2 /* SBJsonStreamWriterAccumulator.m */ = {isa = PBXFileReference; fileEncoding = 4; lastKnownFileType = sourcecode.c.objc; path = SBJsonStreamWriterAccumulator.m; sourceTree = "<group>"; };
		E296AD2B14D5DDBA006F96D2 /* SBJsonStreamWriterState.h */ = {isa = PBXFileReference; fileEncoding = 4; lastKnownFileType = sourcecode.c.h; path = SBJsonStreamWriterState.h; sourceTree = "<group>"; };
		E296AD2C14D5DDBA006F96D2 /* SBJsonStreamWriterState.m */ = {isa = PBXFileReference; fileEncoding = 4; lastKnownFileType = sourcecode.c.objc; path = SBJsonStreamWriterState.m; sourceTree = "<group>"; };
		E296AD2D14D5DDBA006F96D2 /* SBJsonTokeniser.h */ = {isa = PBXFileReference; fileEncoding = 4; lastKnownFileType = sourcecode.c.h; path = SBJsonTokeniser.h; sourceTree = "<group>"; };
		E296AD2E14D5DDBA006F96D2 /* SBJsonTokeniser.m */ = {isa = PBXFileReference; fileEncoding = 4; lastKnownFileType = sourcecode.c.objc; path = SBJsonTokeniser.m; sourceTree = "<group>"; };
		E296AD2F14D5DDBA006F96D2 /* SBJsonUTF8Stream.h */ = {isa = PBXFileReference; fileEncoding = 4; lastKnownFileType = sourcecode.c.h; path = SBJsonUTF8Stream.h; sourceTree = "<group>"; };
		E296AD3014D5DDBA006F96D2 /* SBJsonUTF8Stream.m */ = {isa = PBXFileReference; fileEncoding = 4; lastKnownFileType = sourcecode.c.objc; path = SBJsonUTF8Stream.m; sourceTree = "<group>"; };
		E296AD3114D5DDBA006F96D2 /* SBJsonWriter.h */ = {isa = PBXFileReference; fileEncoding = 4; lastKnownFileType = sourcecode.c.h; path = SBJsonWriter.h; sourceTree = "<group>"; };
		E296AD3214D5DDBA006F96D2 /* SBJsonWriter.m */ = {isa = PBXFileReference; fileEncoding = 4; lastKnownFileType = sourcecode.c.objc; path = SBJsonWriter.m; sourceTree = "<group>"; };
		E299158A14D4E63100C5B7F3 /* CardsAgainstHumanity.app */ = {isa = PBXFileReference; explicitFileType = wrapper.application; includeInIndex = 0; path = CardsAgainstHumanity.app; sourceTree = BUILT_PRODUCTS_DIR; };
		E299158E14D4E63100C5B7F3 /* UIKit.framework */ = {isa = PBXFileReference; lastKnownFileType = wrapper.framework; name = UIKit.framework; path = System/Library/Frameworks/UIKit.framework; sourceTree = SDKROOT; };
		E299159014D4E63100C5B7F3 /* Foundation.framework */ = {isa = PBXFileReference; lastKnownFileType = wrapper.framework; name = Foundation.framework; path = System/Library/Frameworks/Foundation.framework; sourceTree = SDKROOT; };
		E299159214D4E63100C5B7F3 /* CoreGraphics.framework */ = {isa = PBXFileReference; lastKnownFileType = wrapper.framework; name = CoreGraphics.framework; path = System/Library/Frameworks/CoreGraphics.framework; sourceTree = SDKROOT; };
		E299159614D4E63100C5B7F3 /* CardsAgainstHumanity-Info.plist */ = {isa = PBXFileReference; lastKnownFileType = text.plist.xml; path = "CardsAgainstHumanity-Info.plist"; sourceTree = "<group>"; };
		E299159814D4E63100C5B7F3 /* en */ = {isa = PBXFileReference; lastKnownFileType = text.plist.strings; name = en; path = en.lproj/InfoPlist.strings; sourceTree = "<group>"; };
		E299159A14D4E63100C5B7F3 /* main.m */ = {isa = PBXFileReference; lastKnownFileType = sourcecode.c.objc; path = main.m; sourceTree = "<group>"; };
		E299159C14D4E63100C5B7F3 /* CardsAgainstHumanity-Prefix.pch */ = {isa = PBXFileReference; lastKnownFileType = sourcecode.c.h; path = "CardsAgainstHumanity-Prefix.pch"; sourceTree = "<group>"; };
		E299159D14D4E63100C5B7F3 /* AppDelegate.h */ = {isa = PBXFileReference; lastKnownFileType = sourcecode.c.h; path = AppDelegate.h; sourceTree = "<group>"; };
		E299159E14D4E63100C5B7F3 /* AppDelegate.m */ = {isa = PBXFileReference; lastKnownFileType = sourcecode.c.objc; path = AppDelegate.m; sourceTree = "<group>"; };
		E29915A514D4E66D00C5B7F3 /* RoomViewController.h */ = {isa = PBXFileReference; fileEncoding = 4; lastKnownFileType = sourcecode.c.h; path = RoomViewController.h; sourceTree = "<group>"; };
		E29915A614D4E66D00C5B7F3 /* RoomViewController.m */ = {isa = PBXFileReference; fileEncoding = 4; lastKnownFileType = sourcecode.c.objc; path = RoomViewController.m; sourceTree = "<group>"; };
		E29915A714D4E66D00C5B7F3 /* RoomViewController.xib */ = {isa = PBXFileReference; fileEncoding = 4; lastKnownFileType = file.xib; path = RoomViewController.xib; sourceTree = "<group>"; };
		E29915AD14D4E69000C5B7F3 /* Room.h */ = {isa = PBXFileReference; fileEncoding = 4; lastKnownFileType = sourcecode.c.h; path = Room.h; sourceTree = "<group>"; };
		E29915AE14D4E69000C5B7F3 /* Room.m */ = {isa = PBXFileReference; fileEncoding = 4; lastKnownFileType = sourcecode.c.objc; path = Room.m; sourceTree = "<group>"; };
		E29915B014D4EA1800C5B7F3 /* WhiteCardsViewController.h */ = {isa = PBXFileReference; fileEncoding = 4; lastKnownFileType = sourcecode.c.h; path = WhiteCardsViewController.h; sourceTree = "<group>"; };
		E29915B114D4EA1800C5B7F3 /* WhiteCardsViewController.m */ = {isa = PBXFileReference; fileEncoding = 4; lastKnownFileType = sourcecode.c.objc; path = WhiteCardsViewController.m; sourceTree = "<group>"; };
		E29915B214D4EA1800C5B7F3 /* WhiteCardsViewController.xib */ = {isa = PBXFileReference; fileEncoding = 4; lastKnownFileType = file.xib; path = WhiteCardsViewController.xib; sourceTree = "<group>"; };
/* End PBXFileReference section */

/* Begin PBXFrameworksBuildPhase section */
		E299158714D4E63100C5B7F3 /* Frameworks */ = {
			isa = PBXFrameworksBuildPhase;
			buildActionMask = 2147483647;
			files = (
				E299158F14D4E63100C5B7F3 /* UIKit.framework in Frameworks */,
				E299159114D4E63100C5B7F3 /* Foundation.framework in Frameworks */,
				E299159314D4E63100C5B7F3 /* CoreGraphics.framework in Frameworks */,
			);
			runOnlyForDeploymentPostprocessing = 0;
		};
/* End PBXFrameworksBuildPhase section */

/* Begin PBXGroup section */
		E296AD1914D5DD9A006F96D2 /* JSON */ = {
			isa = PBXGroup;
			children = (
				E296AD1A14D5DDBA006F96D2 /* NSObject+SBJson.h */,
				E296AD1B14D5DDBA006F96D2 /* NSObject+SBJson.m */,
				E296AD1C14D5DDBA006F96D2 /* SBJson.h */,
				E296AD1D14D5DDBA006F96D2 /* SBJsonParser.h */,
				E296AD1E14D5DDBA006F96D2 /* SBJsonParser.m */,
				E296AD1F14D5DDBA006F96D2 /* SBJsonStreamParser.h */,
				E296AD2014D5DDBA006F96D2 /* SBJsonStreamParser.m */,
				E296AD2114D5DDBA006F96D2 /* SBJsonStreamParserAccumulator.h */,
				E296AD2214D5DDBA006F96D2 /* SBJsonStreamParserAccumulator.m */,
				E296AD2314D5DDBA006F96D2 /* SBJsonStreamParserAdapter.h */,
				E296AD2414D5DDBA006F96D2 /* SBJsonStreamParserAdapter.m */,
				E296AD2514D5DDBA006F96D2 /* SBJsonStreamParserState.h */,
				E296AD2614D5DDBA006F96D2 /* SBJsonStreamParserState.m */,
				E296AD2714D5DDBA006F96D2 /* SBJsonStreamWriter.h */,
				E296AD2814D5DDBA006F96D2 /* SBJsonStreamWriter.m */,
				E296AD2914D5DDBA006F96D2 /* SBJsonStreamWriterAccumulator.h */,
				E296AD2A14D5DDBA006F96D2 /* SBJsonStreamWriterAccumulator.m */,
				E296AD2B14D5DDBA006F96D2 /* SBJsonStreamWriterState.h */,
				E296AD2C14D5DDBA006F96D2 /* SBJsonStreamWriterState.m */,
				E296AD2D14D5DDBA006F96D2 /* SBJsonTokeniser.h */,
				E296AD2E14D5DDBA006F96D2 /* SBJsonTokeniser.m */,
				E296AD2F14D5DDBA006F96D2 /* SBJsonUTF8Stream.h */,
				E296AD3014D5DDBA006F96D2 /* SBJsonUTF8Stream.m */,
				E296AD3114D5DDBA006F96D2 /* SBJsonWriter.h */,
				E296AD3214D5DDBA006F96D2 /* SBJsonWriter.m */,
			);
			name = JSON;
			sourceTree = "<group>";
		};
		E299157F14D4E63000C5B7F3 = {
			isa = PBXGroup;
			children = (
				E296AD1914D5DD9A006F96D2 /* JSON */,
				E299159414D4E63100C5B7F3 /* CardsAgainstHumanity */,
				E299158D14D4E63100C5B7F3 /* Frameworks */,
				E299158B14D4E63100C5B7F3 /* Products */,
			);
			sourceTree = "<group>";
		};
		E299158B14D4E63100C5B7F3 /* Products */ = {
			isa = PBXGroup;
			children = (
				E299158A14D4E63100C5B7F3 /* CardsAgainstHumanity.app */,
			);
			name = Products;
			sourceTree = "<group>";
		};
		E299158D14D4E63100C5B7F3 /* Frameworks */ = {
			isa = PBXGroup;
			children = (
				E299158E14D4E63100C5B7F3 /* UIKit.framework */,
				E299159014D4E63100C5B7F3 /* Foundation.framework */,
				E299159214D4E63100C5B7F3 /* CoreGraphics.framework */,
			);
			name = Frameworks;
			sourceTree = "<group>";
		};
		E299159414D4E63100C5B7F3 /* CardsAgainstHumanity */ = {
			isa = PBXGroup;
			children = (
				E29915AD14D4E69000C5B7F3 /* Room.h */,
				E29915AE14D4E69000C5B7F3 /* Room.m */,
				E29915A514D4E66D00C5B7F3 /* RoomViewController.h */,
				E29915A614D4E66D00C5B7F3 /* RoomViewController.m */,
				E29915A714D4E66D00C5B7F3 /* RoomViewController.xib */,
				E299159D14D4E63100C5B7F3 /* AppDelegate.h */,
				E299159E14D4E63100C5B7F3 /* AppDelegate.m */,
				E299159514D4E63100C5B7F3 /* Supporting Files */,
				E29915B014D4EA1800C5B7F3 /* WhiteCardsViewController.h */,
				E29915B114D4EA1800C5B7F3 /* WhiteCardsViewController.m */,
				E29915B214D4EA1800C5B7F3 /* WhiteCardsViewController.xib */,
				E296ACA514D526C1006F96D2 /* BlackCardsViewController.h */,
				E296ACA614D526C1006F96D2 /* BlackCardsViewController.m */,
				E296ACA714D526C1006F96D2 /* BlackCardsViewController.xib */,
				E296ACAF14D5B750006F96D2 /* CardsViewController.h */,
				E296ACB014D5B750006F96D2 /* CardsViewController.m */,
				E296ACB114D5B750006F96D2 /* CardsViewController.xib */,
				E296AD1114D5D040006F96D2 /* LoginViewController.h */,
				E296AD1214D5D041006F96D2 /* LoginViewController.m */,
				E296AD1314D5D042006F96D2 /* LoginViewController.xib */,
			);
			path = CardsAgainstHumanity;
			sourceTree = "<group>";
		};
		E299159514D4E63100C5B7F3 /* Supporting Files */ = {
			isa = PBXGroup;
			children = (
				E299159614D4E63100C5B7F3 /* CardsAgainstHumanity-Info.plist */,
				E299159714D4E63100C5B7F3 /* InfoPlist.strings */,
				E299159A14D4E63100C5B7F3 /* main.m */,
				E299159C14D4E63100C5B7F3 /* CardsAgainstHumanity-Prefix.pch */,
			);
			name = "Supporting Files";
			sourceTree = "<group>";
		};
/* End PBXGroup section */

/* Begin PBXNativeTarget section */
		E299158914D4E63100C5B7F3 /* CardsAgainstHumanity */ = {
			isa = PBXNativeTarget;
			buildConfigurationList = E29915A214D4E63100C5B7F3 /* Build configuration list for PBXNativeTarget "CardsAgainstHumanity" */;
			buildPhases = (
				E299158614D4E63100C5B7F3 /* Sources */,
				E299158714D4E63100C5B7F3 /* Frameworks */,
				E299158814D4E63100C5B7F3 /* Resources */,
			);
			buildRules = (
			);
			dependencies = (
			);
			name = CardsAgainstHumanity;
			productName = CardsAgainstHumanity;
			productReference = E299158A14D4E63100C5B7F3 /* CardsAgainstHumanity.app */;
			productType = "com.apple.product-type.application";
		};
/* End PBXNativeTarget section */

/* Begin PBXProject section */
		E299158114D4E63000C5B7F3 /* Project object */ = {
			isa = PBXProject;
			attributes = {
				LastUpgradeCheck = 0420;
			};
			buildConfigurationList = E299158414D4E63000C5B7F3 /* Build configuration list for PBXProject "CardsAgainstHumanity" */;
			compatibilityVersion = "Xcode 3.2";
			developmentRegion = English;
			hasScannedForEncodings = 0;
			knownRegions = (
				en,
			);
			mainGroup = E299157F14D4E63000C5B7F3;
			productRefGroup = E299158B14D4E63100C5B7F3 /* Products */;
			projectDirPath = "";
			projectRoot = "";
			targets = (
				E299158914D4E63100C5B7F3 /* CardsAgainstHumanity */,
			);
		};
/* End PBXProject section */

/* Begin PBXResourcesBuildPhase section */
		E299158814D4E63100C5B7F3 /* Resources */ = {
			isa = PBXResourcesBuildPhase;
			buildActionMask = 2147483647;
			files = (
				E299159914D4E63100C5B7F3 /* InfoPlist.strings in Resources */,
				E29915A914D4E66D00C5B7F3 /* RoomViewController.xib in Resources */,
				E29915B414D4EA1800C5B7F3 /* WhiteCardsViewController.xib in Resources */,
				E296ACA914D526C1006F96D2 /* BlackCardsViewController.xib in Resources */,
				E296ACB314D5B750006F96D2 /* CardsViewController.xib in Resources */,
				E296AD1514D5D042006F96D2 /* LoginViewController.xib in Resources */,
			);
			runOnlyForDeploymentPostprocessing = 0;
		};
/* End PBXResourcesBuildPhase section */

/* Begin PBXSourcesBuildPhase section */
		E299158614D4E63100C5B7F3 /* Sources */ = {
			isa = PBXSourcesBuildPhase;
			buildActionMask = 2147483647;
			files = (
				E299159B14D4E63100C5B7F3 /* main.m in Sources */,
				E299159F14D4E63100C5B7F3 /* AppDelegate.m in Sources */,
				E29915A814D4E66D00C5B7F3 /* RoomViewController.m in Sources */,
				E29915AF14D4E69000C5B7F3 /* Room.m in Sources */,
				E29915B314D4EA1800C5B7F3 /* WhiteCardsViewController.m in Sources */,
				E296ACA814D526C1006F96D2 /* BlackCardsViewController.m in Sources */,
				E296ACB214D5B750006F96D2 /* CardsViewController.m in Sources */,
				E296AD1414D5D042006F96D2 /* LoginViewController.m in Sources */,
				E296AD3314D5DDBA006F96D2 /* NSObject+SBJson.m in Sources */,
				E296AD3414D5DDBA006F96D2 /* SBJsonParser.m in Sources */,
				E296AD3514D5DDBA006F96D2 /* SBJsonStreamParser.m in Sources */,
				E296AD3614D5DDBA006F96D2 /* SBJsonStreamParserAccumulator.m in Sources */,
				E296AD3714D5DDBA006F96D2 /* SBJsonStreamParserAdapter.m in Sources */,
				E296AD3814D5DDBA006F96D2 /* SBJsonStreamParserState.m in Sources */,
				E296AD3914D5DDBA006F96D2 /* SBJsonStreamWriter.m in Sources */,
				E296AD3A14D5DDBA006F96D2 /* SBJsonStreamWriterAccumulator.m in Sources */,
				E296AD3B14D5DDBA006F96D2 /* SBJsonStreamWriterState.m in Sources */,
				E296AD3C14D5DDBA006F96D2 /* SBJsonTokeniser.m in Sources */,
				E296AD3D14D5DDBA006F96D2 /* SBJsonUTF8Stream.m in Sources */,
				E296AD3E14D5DDBA006F96D2 /* SBJsonWriter.m in Sources */,
			);
			runOnlyForDeploymentPostprocessing = 0;
		};
/* End PBXSourcesBuildPhase section */

/* Begin PBXVariantGroup section */
		E299159714D4E63100C5B7F3 /* InfoPlist.strings */ = {
			isa = PBXVariantGroup;
			children = (
				E299159814D4E63100C5B7F3 /* en */,
			);
			name = InfoPlist.strings;
			sourceTree = "<group>";
		};
/* End PBXVariantGroup section */

/* Begin XCBuildConfiguration section */
		E29915A014D4E63100C5B7F3 /* Debug */ = {
			isa = XCBuildConfiguration;
			buildSettings = {
				ALWAYS_SEARCH_USER_PATHS = NO;
				ARCHS = "$(ARCHS_STANDARD_32_BIT)";
				CLANG_ENABLE_OBJC_ARC = YES;
				"CODE_SIGN_IDENTITY[sdk=iphoneos*]" = "iPhone Developer";
				COPY_PHASE_STRIP = NO;
				GCC_C_LANGUAGE_STANDARD = gnu99;
				GCC_DYNAMIC_NO_PIC = NO;
				GCC_OPTIMIZATION_LEVEL = 0;
				GCC_PREPROCESSOR_DEFINITIONS = (
					"DEBUG=1",
					"$(inherited)",
				);
				GCC_SYMBOLS_PRIVATE_EXTERN = NO;
				GCC_VERSION = com.apple.compilers.llvm.clang.1_0;
				GCC_WARN_ABOUT_MISSING_PROTOTYPES = YES;
				GCC_WARN_ABOUT_RETURN_TYPE = YES;
				GCC_WARN_UNUSED_VARIABLE = YES;
				IPHONEOS_DEPLOYMENT_TARGET = 5.0;
				SDKROOT = iphoneos;
			};
			name = Debug;
		};
		E29915A114D4E63100C5B7F3 /* Release */ = {
			isa = XCBuildConfiguration;
			buildSettings = {
				ALWAYS_SEARCH_USER_PATHS = NO;
				ARCHS = "$(ARCHS_STANDARD_32_BIT)";
				CLANG_ENABLE_OBJC_ARC = YES;
				"CODE_SIGN_IDENTITY[sdk=iphoneos*]" = "iPhone Developer";
				COPY_PHASE_STRIP = YES;
				GCC_C_LANGUAGE_STANDARD = gnu99;
				GCC_VERSION = com.apple.compilers.llvm.clang.1_0;
				GCC_WARN_ABOUT_MISSING_PROTOTYPES = YES;
				GCC_WARN_ABOUT_RETURN_TYPE = YES;
				GCC_WARN_UNUSED_VARIABLE = YES;
				IPHONEOS_DEPLOYMENT_TARGET = 5.0;
				OTHER_CFLAGS = "-DNS_BLOCK_ASSERTIONS=1";
				SDKROOT = iphoneos;
				VALIDATE_PRODUCT = YES;
			};
			name = Release;
		};
		E29915A314D4E63100C5B7F3 /* Debug */ = {
			isa = XCBuildConfiguration;
			buildSettings = {
				GCC_PRECOMPILE_PREFIX_HEADER = YES;
				GCC_PREFIX_HEADER = "CardsAgainstHumanity/CardsAgainstHumanity-Prefix.pch";
				INFOPLIST_FILE = "CardsAgainstHumanity/CardsAgainstHumanity-Info.plist";
				PRODUCT_NAME = "$(TARGET_NAME)";
				WRAPPER_EXTENSION = app;
			};
			name = Debug;
		};
		E29915A414D4E63100C5B7F3 /* Release */ = {
			isa = XCBuildConfiguration;
			buildSettings = {
				GCC_PRECOMPILE_PREFIX_HEADER = YES;
				GCC_PREFIX_HEADER = "CardsAgainstHumanity/CardsAgainstHumanity-Prefix.pch";
				INFOPLIST_FILE = "CardsAgainstHumanity/CardsAgainstHumanity-Info.plist";
				PRODUCT_NAME = "$(TARGET_NAME)";
				WRAPPER_EXTENSION = app;
			};
			name = Release;
		};
/* End XCBuildConfiguration section */

/* Begin XCConfigurationList section */
		E299158414D4E63000C5B7F3 /* Build configuration list for PBXProject "CardsAgainstHumanity" */ = {
			isa = XCConfigurationList;
			buildConfigurations = (
				E29915A014D4E63100C5B7F3 /* Debug */,
				E29915A114D4E63100C5B7F3 /* Release */,
			);
			defaultConfigurationIsVisible = 0;
			defaultConfigurationName = Release;
		};
		E29915A214D4E63100C5B7F3 /* Build configuration list for PBXNativeTarget "CardsAgainstHumanity" */ = {
			isa = XCConfigurationList;
			buildConfigurations = (
				E29915A314D4E63100C5B7F3 /* Debug */,
				E29915A414D4E63100C5B7F3 /* Release */,
			);
			defaultConfigurationIsVisible = 0;
			defaultConfigurationName = Release;
		};
/* End XCConfigurationList section */
	};
	rootObject = E299158114D4E63000C5B7F3 /* Project object */;
}
